
Microsoft Visual Studio Solution File, Format Version 12.00
# Visual Studio 15
VisualStudioVersion = 15.0.28307.852
MinimumVisualStudioVersion = 10.0.40219.1
Project("{8BC9CEB8-8B4A-11D0-8D11-00A0C91BC942}") = "18120514_18120517", "18120514_18120517.vcxproj", "{05A42231-AA61-4861-BD1B-2633E04EE077}"
EndProject
Global
	GlobalSection(SolutionConfigurationPlatforms) = preSolution
		Debug|x64 = Debug|x64
		Debug|x86 = Debug|x86
		Release|x64 = Release|x64
		Release|x86 = Release|x86
	EndGlobalSection
	GlobalSection(ProjectConfigurationPlatforms) = postSolution
		{05A42231-AA61-4861-BD1B-2633E04EE077}.Debug|x64.ActiveCfg = Debug|x64
		{05A42231-AA61-4861-BD1B-2633E04EE077}.Debug|x64.Build.0 = Debug|x64
		{05A42231-AA61-4861-BD1B-2633E04EE077}.Debug|x86.ActiveCfg = Debug|Win32
		{05A42231-AA61-4861-BD1B-2633E04EE077}.Debug|x86.Build.0 = Debug|Win32
		{05A42231-AA61-4861-BD1B-2633E04EE077}.Release|x64.ActiveCfg = Release|x64
		{05A42231-AA61-4861-BD1B-2633E04EE077}.Release|x64.Build.0 = Release|x64
		{05A42231-AA61-4861-BD1B-2633E04EE077}.Release|x86.ActiveCfg = Release|Win32
		{05A42231-AA61-4861-BD1B-2633E04EE077}.Release|x86.Build.0 = Release|Win32
	EndGlobalSection
	GlobalSection(SolutionProperties) = preSolution
		HideSolutionNode = FALSE
	EndGlobalSection
	GlobalSection(ExtensibilityGlobals) = postSolution
		SolutionGuid = {C2BFCE07-2CB2-47B8-9FA2-7C04C7D21DF3}
	EndGlobalSection
EndGlobal
